
Microsoft Visual Studio Solution File, Format Version 12.00
# Visual Studio Version 17
VisualStudioVersion = 17.0.31903.59
MinimumVisualStudioVersion = 10.0.40219.1
Project("{FAE04EC0-301F-11D3-BF4B-00C04F79EFBC}") = "ConsultaMedica.Api", "ConsultaMedica.Api\ConsultaMedica.Api.csproj", "{F259EFB6-FCB3-45D8-987A-A1BC346AB701}"
EndProject
Project("{FAE04EC0-301F-11D3-BF4B-00C04F79EFBC}") = "ConsultaMedica.RazorPages", "ConsultaMedica.RazorPages\ConsultaMedica.RazorPages.csproj", "{B29D2197-BC63-4EE8-BB40-22558AEF2E29}"
EndProject
Global
	GlobalSection(SolutionConfigurationPlatforms) = preSolution
		Debug|Any CPU = Debug|Any CPU
		Release|Any CPU = Release|Any CPU
	EndGlobalSection
	GlobalSection(SolutionProperties) = preSolution
		HideSolutionNode = FALSE
	EndGlobalSection
	GlobalSection(ProjectConfigurationPlatforms) = postSolution
		{F259EFB6-FCB3-45D8-987A-A1BC346AB701}.Debug|Any CPU.ActiveCfg = Debug|Any CPU
		{F259EFB6-FCB3-45D8-987A-A1BC346AB701}.Debug|Any CPU.Build.0 = Debug|Any CPU
		{F259EFB6-FCB3-45D8-987A-A1BC346AB701}.Release|Any CPU.ActiveCfg = Release|Any CPU
		{F259EFB6-FCB3-45D8-987A-A1BC346AB701}.Release|Any CPU.Build.0 = Release|Any CPU
		{B29D2197-BC63-4EE8-BB40-22558AEF2E29}.Debug|Any CPU.ActiveCfg = Debug|Any CPU
		{B29D2197-BC63-4EE8-BB40-22558AEF2E29}.Debug|Any CPU.Build.0 = Debug|Any CPU
		{B29D2197-BC63-4EE8-BB40-22558AEF2E29}.Release|Any CPU.ActiveCfg = Release|Any CPU
		{B29D2197-BC63-4EE8-BB40-22558AEF2E29}.Release|Any CPU.Build.0 = Release|Any CPU
	EndGlobalSection
EndGlobal
